
Microsoft Visual Studio Solution File, Format Version 12.00
# Visual Studio Version 16
VisualStudioVersion = 16.0.35931.194
MinimumVisualStudioVersion = 10.0.40219.1
Project("{FAE04EC0-301F-11D3-BF4B-00C04F79EFBC}") = "cytk_NX2TCMigrationTool", "src\cytk_NX2TCMigrationTool\cytk_NX2TCMigrationTool.csproj", "{73D0FFC9-1C5B-4FE4-80EA-E502887B2E59}"
EndProject
Project("{FAE04EC0-301F-11D3-BF4B-00C04F79EFBC}") = "cytk_NX2TC_NXWorker", "..\cytk_NX2TC_NXWorker\cytk_NX2TC_NXWorker.csproj", "{EA04EBA5-D610-4424-B8BC-2490DF40168D}"
EndProject
Global
	GlobalSection(SolutionConfigurationPlatforms) = preSolution
		Debug|Any CPU = Debug|Any CPU
		Debug|x64 = Debug|x64
		Release|Any CPU = Release|Any CPU
		Release|x64 = Release|x64
	EndGlobalSection
	GlobalSection(ProjectConfigurationPlatforms) = postSolution
		{73D0FFC9-1C5B-4FE4-80EA-E502887B2E59}.Debug|Any CPU.ActiveCfg = Debug|Any CPU
		{73D0FFC9-1C5B-4FE4-80EA-E502887B2E59}.Debug|Any CPU.Build.0 = Debug|Any CPU
		{73D0FFC9-1C5B-4FE4-80EA-E502887B2E59}.Debug|x64.ActiveCfg = Debug|Any CPU
		{73D0FFC9-1C5B-4FE4-80EA-E502887B2E59}.Debug|x64.Build.0 = Debug|Any CPU
		{73D0FFC9-1C5B-4FE4-80EA-E502887B2E59}.Release|Any CPU.ActiveCfg = Release|Any CPU
		{73D0FFC9-1C5B-4FE4-80EA-E502887B2E59}.Release|Any CPU.Build.0 = Release|Any CPU
		{73D0FFC9-1C5B-4FE4-80EA-E502887B2E59}.Release|x64.ActiveCfg = Release|Any CPU
		{73D0FFC9-1C5B-4FE4-80EA-E502887B2E59}.Release|x64.Build.0 = Release|Any CPU
		{EA04EBA5-D610-4424-B8BC-2490DF40168D}.Debug|Any CPU.ActiveCfg = Debug|x64
		{EA04EBA5-D610-4424-B8BC-2490DF40168D}.Debug|x64.ActiveCfg = Debug|x64
		{EA04EBA5-D610-4424-B8BC-2490DF40168D}.Debug|x64.Build.0 = Debug|x64
		{EA04EBA5-D610-4424-B8BC-2490DF40168D}.Release|Any CPU.ActiveCfg = Release|x64
		{EA04EBA5-D610-4424-B8BC-2490DF40168D}.Release|x64.ActiveCfg = Release|x64
		{EA04EBA5-D610-4424-B8BC-2490DF40168D}.Release|x64.Build.0 = Release|x64
	EndGlobalSection
	GlobalSection(SolutionProperties) = preSolution
		HideSolutionNode = FALSE
	EndGlobalSection
	GlobalSection(ExtensibilityGlobals) = postSolution
		SolutionGuid = {F2E5CA40-2EB8-43CD-AE9C-2BB2C3459A1D}
	EndGlobalSection
EndGlobal
