
Microsoft Visual Studio Solution File, Format Version 12.00
# Visual Studio Version 17
VisualStudioVersion = 17.11.35327.3
MinimumVisualStudioVersion = 10.0.40219.1
Project("{9A19103F-16F7-4668-BE54-9A1E7A4F7556}") = "cytk_NX2TCMigrationTool", "src\cytk_NX2TCMigrationTool.csproj", "{B3C5C4D0-4CCF-4F03-A113-7F74C7E867DB}"
EndProject
Global
	GlobalSection(SolutionConfigurationPlatforms) = preSolution
		Debug|Any CPU = Debug|Any CPU
		Release|Any CPU = Release|Any CPU
	EndGlobalSection
	GlobalSection(ProjectConfigurationPlatforms) = postSolution
		{B3C5C4D0-4CCF-4F03-A113-7F74C7E867DB}.Debug|Any CPU.ActiveCfg = Debug|Any CPU
		{B3C5C4D0-4CCF-4F03-A113-7F74C7E867DB}.Debug|Any CPU.Build.0 = Debug|Any CPU
		{B3C5C4D0-4CCF-4F03-A113-7F74C7E867DB}.Release|Any CPU.ActiveCfg = Release|Any CPU
		{B3C5C4D0-4CCF-4F03-A113-7F74C7E867DB}.Release|Any CPU.Build.0 = Release|Any CPU
	EndGlobalSection
	GlobalSection(SolutionProperties) = preSolution
		HideSolutionNode = FALSE
	EndGlobalSection
	GlobalSection(ExtensibilityGlobals) = postSolution
		SolutionGuid = {A36A9A7C-11B5-4E48-A750-ED9E0ED0D14B}
	EndGlobalSection
EndGlobal
